
Microsoft Visual Studio Solution File, Format Version 10.00
# Visual Studio 2008
Project("{FAE04EC0-301F-11D3-BF4B-00C04F79EFBC}") = "Poker Coach", "Poker Coach\Poker Coach.csproj", "{2F79D197-EEEC-4460-92CE-46F18F009CCB}"
EndProject
Global
	GlobalSection(SolutionConfigurationPlatforms) = preSolution
		Debug|Any CPU = Debug|Any CPU
		Release|Any CPU = Release|Any CPU
	EndGlobalSection
	GlobalSection(ProjectConfigurationPlatforms) = postSolution
		{2F79D197-EEEC-4460-92CE-46F18F009CCB}.Debug|Any CPU.ActiveCfg = Debug|Any CPU
		{2F79D197-EEEC-4460-92CE-46F18F009CCB}.Debug|Any CPU.Build.0 = Debug|Any CPU
		{2F79D197-EEEC-4460-92CE-46F18F009CCB}.Release|Any CPU.ActiveCfg = Release|Any CPU
		{2F79D197-EEEC-4460-92CE-46F18F009CCB}.Release|Any CPU.Build.0 = Release|Any CPU
	EndGlobalSection
	GlobalSection(SolutionProperties) = preSolution
		HideSolutionNode = FALSE
	EndGlobalSection
EndGlobal
